
Microsoft Visual Studio Solution File, Format Version 12.00
# Visual Studio 15
VisualStudioVersion = 15.0.26730.12
MinimumVisualStudioVersion = 10.0.40219.1
Project("{FAE04EC0-301F-11D3-BF4B-00C04F79EFBC}") = "PushNotificationSample.Android", "PushNotificationSample.Android\PushNotificationSample.Android.csproj", "{DB22DCA2-82BA-47EA-BB47-3276BCB56CA1}"
EndProject
Project("{FAE04EC0-301F-11D3-BF4B-00C04F79EFBC}") = "PushNotificationSample", "PushNotificationSample\PushNotificationSample.csproj", "{0D84321D-BCAC-4306-A0DF-0BFC26DB4895}"
EndProject
Project("{FAE04EC0-301F-11D3-BF4B-00C04F79EFBC}") = "PushNotificationSample.iOS", "PushNotificationSample.iOS\PushNotificationSample.iOS.csproj", "{39791A11-A5D4-4F34-9A47-36B05C83FF70}"
EndProject
Global
	GlobalSection(SolutionConfigurationPlatforms) = preSolution
		Ad-Hoc|Any CPU = Ad-Hoc|Any CPU
		Ad-Hoc|ARM = Ad-Hoc|ARM
		Ad-Hoc|iPhone = Ad-Hoc|iPhone
		Ad-Hoc|iPhoneSimulator = Ad-Hoc|iPhoneSimulator
		Ad-Hoc|x64 = Ad-Hoc|x64
		Ad-Hoc|x86 = Ad-Hoc|x86
		AppStore|Any CPU = AppStore|Any CPU
		AppStore|ARM = AppStore|ARM
		AppStore|iPhone = AppStore|iPhone
		AppStore|iPhoneSimulator = AppStore|iPhoneSimulator
		AppStore|x64 = AppStore|x64
		AppStore|x86 = AppStore|x86
		Debug|Any CPU = Debug|Any CPU
		Debug|ARM = Debug|ARM
		Debug|iPhone = Debug|iPhone
		Debug|iPhoneSimulator = Debug|iPhoneSimulator
		Debug|x64 = Debug|x64
		Debug|x86 = Debug|x86
		Release|Any CPU = Release|Any CPU
		Release|ARM = Release|ARM
		Release|iPhone = Release|iPhone
		Release|iPhoneSimulator = Release|iPhoneSimulator
		Release|x64 = Release|x64
		Release|x86 = Release|x86
	EndGlobalSection
	GlobalSection(ProjectConfigurationPlatforms) = postSolution
		{DB22DCA2-82BA-47EA-BB47-3276BCB56CA1}.Ad-Hoc|Any CPU.ActiveCfg = Release|Any CPU
		{DB22DCA2-82BA-47EA-BB47-3276BCB56CA1}.Ad-Hoc|Any CPU.Build.0 = Release|Any CPU
		{DB22DCA2-82BA-47EA-BB47-3276BCB56CA1}.Ad-Hoc|Any CPU.Deploy.0 = Release|Any CPU
		{DB22DCA2-82BA-47EA-BB47-3276BCB56CA1}.Ad-Hoc|ARM.ActiveCfg = Release|Any CPU
		{DB22DCA2-82BA-47EA-BB47-3276BCB56CA1}.Ad-Hoc|ARM.Build.0 = Release|Any CPU
		{DB22DCA2-82BA-47EA-BB47-3276BCB56CA1}.Ad-Hoc|ARM.Deploy.0 = Release|Any CPU
		{DB22DCA2-82BA-47EA-BB47-3276BCB56CA1}.Ad-Hoc|iPhone.ActiveCfg = Release|Any CPU
		{DB22DCA2-82BA-47EA-BB47-3276BCB56CA1}.Ad-Hoc|iPhone.Build.0 = Release|Any CPU
		{DB22DCA2-82BA-47EA-BB47-3276BCB56CA1}.Ad-Hoc|iPhone.Deploy.0 = Release|Any CPU
		{DB22DCA2-82BA-47EA-BB47-3276BCB56CA1}.Ad-Hoc|iPhoneSimulator.ActiveCfg = Release|Any CPU
		{DB22DCA2-82BA-47EA-BB47-3276BCB56CA1}.Ad-Hoc|iPhoneSimulator.Build.0 = Release|Any CPU
		{DB22DCA2-82BA-47EA-BB47-3276BCB56CA1}.Ad-Hoc|iPhoneSimulator.Deploy.0 = Release|Any CPU
		{DB22DCA2-82BA-47EA-BB47-3276BCB56CA1}.Ad-Hoc|x64.ActiveCfg = Release|Any CPU
		{DB22DCA2-82BA-47EA-BB47-3276BCB56CA1}.Ad-Hoc|x64.Build.0 = Release|Any CPU
		{DB22DCA2-82BA-47EA-BB47-3276BCB56CA1}.Ad-Hoc|x64.Deploy.0 = Release|Any CPU
		{DB22DCA2-82BA-47EA-BB47-3276BCB56CA1}.Ad-Hoc|x86.ActiveCfg = Release|Any CPU
		{DB22DCA2-82BA-47EA-BB47-3276BCB56CA1}.Ad-Hoc|x86.Build.0 = Release|Any CPU
		{DB22DCA2-82BA-47EA-BB47-3276BCB56CA1}.Ad-Hoc|x86.Deploy.0 = Release|Any CPU
		{DB22DCA2-82BA-47EA-BB47-3276BCB56CA1}.AppStore|Any CPU.ActiveCfg = Release|Any CPU
		{DB22DCA2-82BA-47EA-BB47-3276BCB56CA1}.AppStore|Any CPU.Build.0 = Release|Any CPU
		{DB22DCA2-82BA-47EA-BB47-3276BCB56CA1}.AppStore|Any CPU.Deploy.0 = Release|Any CPU
		{DB22DCA2-82BA-47EA-BB47-3276BCB56CA1}.AppStore|ARM.ActiveCfg = Release|Any CPU
		{DB22DCA2-82BA-47EA-BB47-3276BCB56CA1}.AppStore|ARM.Build.0 = Release|Any CPU
		{DB22DCA2-82BA-47EA-BB47-3276BCB56CA1}.AppStore|ARM.Deploy.0 = Release|Any CPU
		{DB22DCA2-82BA-47EA-BB47-3276BCB56CA1}.AppStore|iPhone.ActiveCfg = Release|Any CPU
		{DB22DCA2-82BA-47EA-BB47-3276BCB56CA1}.AppStore|iPhone.Build.0 = Release|Any CPU
		{DB22DCA2-82BA-47EA-BB47-3276BCB56CA1}.AppStore|iPhone.Deploy.0 = Release|Any CPU
		{DB22DCA2-82BA-47EA-BB47-3276BCB56CA1}.AppStore|iPhoneSimulator.ActiveCfg = Release|Any CPU
		{DB22DCA2-82BA-47EA-BB47-3276BCB56CA1}.AppStore|iPhoneSimulator.Build.0 = Release|Any CPU
		{DB22DCA2-82BA-47EA-BB47-3276BCB56CA1}.AppStore|iPhoneSimulator.Deploy.0 = Release|Any CPU
		{DB22DCA2-82BA-47EA-BB47-3276BCB56CA1}.AppStore|x64.ActiveCfg = Release|Any CPU
		{DB22DCA2-82BA-47EA-BB47-3276BCB56CA1}.AppStore|x64.Build.0 = Release|Any CPU
		{DB22DCA2-82BA-47EA-BB47-3276BCB56CA1}.AppStore|x64.Deploy.0 = Release|Any CPU
		{DB22DCA2-82BA-47EA-BB47-3276BCB56CA1}.AppStore|x86.ActiveCfg = Release|Any CPU
		{DB22DCA2-82BA-47EA-BB47-3276BCB56CA1}.AppStore|x86.Build.0 = Release|Any CPU
		{DB22DCA2-82BA-47EA-BB47-3276BCB56CA1}.AppStore|x86.Deploy.0 = Release|Any CPU
		{DB22DCA2-82BA-47EA-BB47-3276BCB56CA1}.Debug|Any CPU.ActiveCfg = Debug|Any CPU
		{DB22DCA2-82BA-47EA-BB47-3276BCB56CA1}.Debug|Any CPU.Build.0 = Debug|Any CPU
		{DB22DCA2-82BA-47EA-BB47-3276BCB56CA1}.Debug|Any CPU.Deploy.0 = Debug|Any CPU
		{DB22DCA2-82BA-47EA-BB47-3276BCB56CA1}.Debug|ARM.ActiveCfg = Debug|Any CPU
		{DB22DCA2-82BA-47EA-BB47-3276BCB56CA1}.Debug|ARM.Build.0 = Debug|Any CPU
		{DB22DCA2-82BA-47EA-BB47-3276BCB56CA1}.Debug|ARM.Deploy.0 = Debug|Any CPU
		{DB22DCA2-82BA-47EA-BB47-3276BCB56CA1}.Debug|iPhone.ActiveCfg = Debug|Any CPU
		{DB22DCA2-82BA-47EA-BB47-3276BCB56CA1}.Debug|iPhone.Build.0 = Debug|Any CPU
		{DB22DCA2-82BA-47EA-BB47-3276BCB56CA1}.Debug|iPhone.Deploy.0 = Debug|Any CPU
		{DB22DCA2-82BA-47EA-BB47-3276BCB56CA1}.Debug|iPhoneSimulator.ActiveCfg = Debug|Any CPU
		{DB22DCA2-82BA-47EA-BB47-3276BCB56CA1}.Debug|iPhoneSimulator.Build.0 = Debug|Any CPU
		{DB22DCA2-82BA-47EA-BB47-3276BCB56CA1}.Debug|iPhoneSimulator.Deploy.0 = Debug|Any CPU
		{DB22DCA2-82BA-47EA-BB47-3276BCB56CA1}.Debug|x64.ActiveCfg = Debug|Any CPU
		{DB22DCA2-82BA-47EA-BB47-3276BCB56CA1}.Debug|x64.Build.0 = Debug|Any CPU
		{DB22DCA2-82BA-47EA-BB47-3276BCB56CA1}.Debug|x64.Deploy.0 = Debug|Any CPU
		{DB22DCA2-82BA-47EA-BB47-3276BCB56CA1}.Debug|x86.ActiveCfg = Debug|Any CPU
		{DB22DCA2-82BA-47EA-BB47-3276BCB56CA1}.Debug|x86.Build.0 = Debug|Any CPU
		{DB22DCA2-82BA-47EA-BB47-3276BCB56CA1}.Debug|x86.Deploy.0 = Debug|Any CPU
		{DB22DCA2-82BA-47EA-BB47-3276BCB56CA1}.Release|Any CPU.ActiveCfg = Release|Any CPU
		{DB22DCA2-82BA-47EA-BB47-3276BCB56CA1}.Release|Any CPU.Build.0 = Release|Any CPU
		{DB22DCA2-82BA-47EA-BB47-3276BCB56CA1}.Release|Any CPU.Deploy.0 = Release|Any CPU
		{DB22DCA2-82BA-47EA-BB47-3276BCB56CA1}.Release|ARM.ActiveCfg = Release|Any CPU
		{DB22DCA2-82BA-47EA-BB47-3276BCB56CA1}.Release|ARM.Build.0 = Release|Any CPU
		{DB22DCA2-82BA-47EA-BB47-3276BCB56CA1}.Release|ARM.Deploy.0 = Release|Any CPU
		{DB22DCA2-82BA-47EA-BB47-3276BCB56CA1}.Release|iPhone.ActiveCfg = Release|Any CPU
		{DB22DCA2-82BA-47EA-BB47-3276BCB56CA1}.Release|iPhone.Build.0 = Release|Any CPU
		{DB22DCA2-82BA-47EA-BB47-3276BCB56CA1}.Release|iPhone.Deploy.0 = Release|Any CPU
		{DB22DCA2-82BA-47EA-BB47-3276BCB56CA1}.Release|iPhoneSimulator.ActiveCfg = Release|Any CPU
		{DB22DCA2-82BA-47EA-BB47-3276BCB56CA1}.Release|iPhoneSimulator.Build.0 = Release|Any CPU
		{DB22DCA2-82BA-47EA-BB47-3276BCB56CA1}.Release|iPhoneSimulator.Deploy.0 = Release|Any CPU
		{DB22DCA2-82BA-47EA-BB47-3276BCB56CA1}.Release|x64.ActiveCfg = Release|Any CPU
		{DB22DCA2-82BA-47EA-BB47-3276BCB56CA1}.Release|x64.Build.0 = Release|Any CPU
		{DB22DCA2-82BA-47EA-BB47-3276BCB56CA1}.Release|x64.Deploy.0 = Release|Any CPU
		{DB22DCA2-82BA-47EA-BB47-3276BCB56CA1}.Release|x86.ActiveCfg = Release|Any CPU
		{DB22DCA2-82BA-47EA-BB47-3276BCB56CA1}.Release|x86.Build.0 = Release|Any CPU
		{DB22DCA2-82BA-47EA-BB47-3276BCB56CA1}.Release|x86.Deploy.0 = Release|Any CPU
		{0D84321D-BCAC-4306-A0DF-0BFC26DB4895}.Ad-Hoc|Any CPU.ActiveCfg = Release|Any CPU
		{0D84321D-BCAC-4306-A0DF-0BFC26DB4895}.Ad-Hoc|Any CPU.Build.0 = Release|Any CPU
		{0D84321D-BCAC-4306-A0DF-0BFC26DB4895}.Ad-Hoc|ARM.ActiveCfg = Release|Any CPU
		{0D84321D-BCAC-4306-A0DF-0BFC26DB4895}.Ad-Hoc|ARM.Build.0 = Release|Any CPU
		{0D84321D-BCAC-4306-A0DF-0BFC26DB4895}.Ad-Hoc|iPhone.ActiveCfg = Release|Any CPU
		{0D84321D-BCAC-4306-A0DF-0BFC26DB4895}.Ad-Hoc|iPhone.Build.0 = Release|Any CPU
		{0D84321D-BCAC-4306-A0DF-0BFC26DB4895}.Ad-Hoc|iPhoneSimulator.ActiveCfg = Release|Any CPU
		{0D84321D-BCAC-4306-A0DF-0BFC26DB4895}.Ad-Hoc|iPhoneSimulator.Build.0 = Release|Any CPU
		{0D84321D-BCAC-4306-A0DF-0BFC26DB4895}.Ad-Hoc|x64.ActiveCfg = Release|Any CPU
		{0D84321D-BCAC-4306-A0DF-0BFC26DB4895}.Ad-Hoc|x64.Build.0 = Release|Any CPU
		{0D84321D-BCAC-4306-A0DF-0BFC26DB4895}.Ad-Hoc|x86.ActiveCfg = Release|Any CPU
		{0D84321D-BCAC-4306-A0DF-0BFC26DB4895}.Ad-Hoc|x86.Build.0 = Release|Any CPU
		{0D84321D-BCAC-4306-A0DF-0BFC26DB4895}.AppStore|Any CPU.ActiveCfg = Release|Any CPU
		{0D84321D-BCAC-4306-A0DF-0BFC26DB4895}.AppStore|Any CPU.Build.0 = Release|Any CPU
		{0D84321D-BCAC-4306-A0DF-0BFC26DB4895}.AppStore|ARM.ActiveCfg = Release|Any CPU
		{0D84321D-BCAC-4306-A0DF-0BFC26DB4895}.AppStore|ARM.Build.0 = Release|Any CPU
		{0D84321D-BCAC-4306-A0DF-0BFC26DB4895}.AppStore|iPhone.ActiveCfg = Release|Any CPU
		{0D84321D-BCAC-4306-A0DF-0BFC26DB4895}.AppStore|iPhone.Build.0 = Release|Any CPU
		{0D84321D-BCAC-4306-A0DF-0BFC26DB4895}.AppStore|iPhoneSimulator.ActiveCfg = Release|Any CPU
		{0D84321D-BCAC-4306-A0DF-0BFC26DB4895}.AppStore|iPhoneSimulator.Build.0 = Release|Any CPU
		{0D84321D-BCAC-4306-A0DF-0BFC26DB4895}.AppStore|x64.ActiveCfg = Release|Any CPU
		{0D84321D-BCAC-4306-A0DF-0BFC26DB4895}.AppStore|x64.Build.0 = Release|Any CPU
		{0D84321D-BCAC-4306-A0DF-0BFC26DB4895}.AppStore|x86.ActiveCfg = Release|Any CPU
		{0D84321D-BCAC-4306-A0DF-0BFC26DB4895}.AppStore|x86.Build.0 = Release|Any CPU
		{0D84321D-BCAC-4306-A0DF-0BFC26DB4895}.Debug|Any CPU.ActiveCfg = Debug|Any CPU
		{0D84321D-BCAC-4306-A0DF-0BFC26DB4895}.Debug|Any CPU.Build.0 = Debug|Any CPU
		{0D84321D-BCAC-4306-A0DF-0BFC26DB4895}.Debug|ARM.ActiveCfg = Debug|Any CPU
		{0D84321D-BCAC-4306-A0DF-0BFC26DB4895}.Debug|ARM.Build.0 = Debug|Any CPU
		{0D84321D-BCAC-4306-A0DF-0BFC26DB4895}.Debug|iPhone.ActiveCfg = Debug|Any CPU
		{0D84321D-BCAC-4306-A0DF-0BFC26DB4895}.Debug|iPhone.Build.0 = Debug|Any CPU
		{0D84321D-BCAC-4306-A0DF-0BFC26DB4895}.Debug|iPhoneSimulator.ActiveCfg = Debug|Any CPU
		{0D84321D-BCAC-4306-A0DF-0BFC26DB4895}.Debug|iPhoneSimulator.Build.0 = Debug|Any CPU
		{0D84321D-BCAC-4306-A0DF-0BFC26DB4895}.Debug|x64.ActiveCfg = Debug|Any CPU
		{0D84321D-BCAC-4306-A0DF-0BFC26DB4895}.Debug|x64.Build.0 = Debug|Any CPU
		{0D84321D-BCAC-4306-A0DF-0BFC26DB4895}.Debug|x86.ActiveCfg = Debug|Any CPU
		{0D84321D-BCAC-4306-A0DF-0BFC26DB4895}.Debug|x86.Build.0 = Debug|Any CPU
		{0D84321D-BCAC-4306-A0DF-0BFC26DB4895}.Release|Any CPU.ActiveCfg = Release|Any CPU
		{0D84321D-BCAC-4306-A0DF-0BFC26DB4895}.Release|Any CPU.Build.0 = Release|Any CPU
		{0D84321D-BCAC-4306-A0DF-0BFC26DB4895}.Release|ARM.ActiveCfg = Release|Any CPU
		{0D84321D-BCAC-4306-A0DF-0BFC26DB4895}.Release|ARM.Build.0 = Release|Any CPU
		{0D84321D-BCAC-4306-A0DF-0BFC26DB4895}.Release|iPhone.ActiveCfg = Release|Any CPU
		{0D84321D-BCAC-4306-A0DF-0BFC26DB4895}.Release|iPhone.Build.0 = Release|Any CPU
		{0D84321D-BCAC-4306-A0DF-0BFC26DB4895}.Release|iPhoneSimulator.ActiveCfg = Release|Any CPU
		{0D84321D-BCAC-4306-A0DF-0BFC26DB4895}.Release|iPhoneSimulator.Build.0 = Release|Any CPU
		{0D84321D-BCAC-4306-A0DF-0BFC26DB4895}.Release|x64.ActiveCfg = Release|Any CPU
		{0D84321D-BCAC-4306-A0DF-0BFC26DB4895}.Release|x64.Build.0 = Release|Any CPU
		{0D84321D-BCAC-4306-A0DF-0BFC26DB4895}.Release|x86.ActiveCfg = Release|Any CPU
		{0D84321D-BCAC-4306-A0DF-0BFC26DB4895}.Release|x86.Build.0 = Release|Any CPU
		{39791A11-A5D4-4F34-9A47-36B05C83FF70}.Ad-Hoc|Any CPU.ActiveCfg = Ad-Hoc|iPhone
		{39791A11-A5D4-4F34-9A47-36B05C83FF70}.Ad-Hoc|ARM.ActiveCfg = Ad-Hoc|iPhone
		{39791A11-A5D4-4F34-9A47-36B05C83FF70}.Ad-Hoc|iPhone.ActiveCfg = Ad-Hoc|iPhone
		{39791A11-A5D4-4F34-9A47-36B05C83FF70}.Ad-Hoc|iPhone.Build.0 = Ad-Hoc|iPhone
		{39791A11-A5D4-4F34-9A47-36B05C83FF70}.Ad-Hoc|iPhoneSimulator.ActiveCfg = Ad-Hoc|iPhoneSimulator
		{39791A11-A5D4-4F34-9A47-36B05C83FF70}.Ad-Hoc|iPhoneSimulator.Build.0 = Ad-Hoc|iPhoneSimulator
		{39791A11-A5D4-4F34-9A47-36B05C83FF70}.Ad-Hoc|x64.ActiveCfg = Ad-Hoc|iPhone
		{39791A11-A5D4-4F34-9A47-36B05C83FF70}.Ad-Hoc|x86.ActiveCfg = Ad-Hoc|iPhone
		{39791A11-A5D4-4F34-9A47-36B05C83FF70}.AppStore|Any CPU.ActiveCfg = AppStore|iPhone
		{39791A11-A5D4-4F34-9A47-36B05C83FF70}.AppStore|ARM.ActiveCfg = AppStore|iPhone
		{39791A11-A5D4-4F34-9A47-36B05C83FF70}.AppStore|iPhone.ActiveCfg = AppStore|iPhone
		{39791A11-A5D4-4F34-9A47-36B05C83FF70}.AppStore|iPhone.Build.0 = AppStore|iPhone
		{39791A11-A5D4-4F34-9A47-36B05C83FF70}.AppStore|iPhoneSimulator.ActiveCfg = AppStore|iPhoneSimulator
		{39791A11-A5D4-4F34-9A47-36B05C83FF70}.AppStore|iPhoneSimulator.Build.0 = AppStore|iPhoneSimulator
		{39791A11-A5D4-4F34-9A47-36B05C83FF70}.AppStore|x64.ActiveCfg = AppStore|iPhone
		{39791A11-A5D4-4F34-9A47-36B05C83FF70}.AppStore|x86.ActiveCfg = AppStore|iPhone
		{39791A11-A5D4-4F34-9A47-36B05C83FF70}.Debug|Any CPU.ActiveCfg = Debug|iPhone
		{39791A11-A5D4-4F34-9A47-36B05C83FF70}.Debug|ARM.ActiveCfg = Debug|iPhone
		{39791A11-A5D4-4F34-9A47-36B05C83FF70}.Debug|iPhone.ActiveCfg = Debug|iPhone
		{39791A11-A5D4-4F34-9A47-36B05C83FF70}.Debug|iPhone.Build.0 = Debug|iPhone
		{39791A11-A5D4-4F34-9A47-36B05C83FF70}.Debug|iPhoneSimulator.ActiveCfg = Debug|iPhoneSimulator
		{39791A11-A5D4-4F34-9A47-36B05C83FF70}.Debug|iPhoneSimulator.Build.0 = Debug|iPhoneSimulator
		{39791A11-A5D4-4F34-9A47-36B05C83FF70}.Debug|x64.ActiveCfg = Debug|iPhone
		{39791A11-A5D4-4F34-9A47-36B05C83FF70}.Debug|x86.ActiveCfg = Debug|iPhone
		{39791A11-A5D4-4F34-9A47-36B05C83FF70}.Release|Any CPU.ActiveCfg = Release|iPhone
		{39791A11-A5D4-4F34-9A47-36B05C83FF70}.Release|ARM.ActiveCfg = Release|iPhone
		{39791A11-A5D4-4F34-9A47-36B05C83FF70}.Release|iPhone.ActiveCfg = Release|iPhone
		{39791A11-A5D4-4F34-9A47-36B05C83FF70}.Release|iPhone.Build.0 = Release|iPhone
		{39791A11-A5D4-4F34-9A47-36B05C83FF70}.Release|iPhoneSimulator.ActiveCfg = Release|iPhoneSimulator
		{39791A11-A5D4-4F34-9A47-36B05C83FF70}.Release|iPhoneSimulator.Build.0 = Release|iPhoneSimulator
		{39791A11-A5D4-4F34-9A47-36B05C83FF70}.Release|x64.ActiveCfg = Release|iPhone
		{39791A11-A5D4-4F34-9A47-36B05C83FF70}.Release|x86.ActiveCfg = Release|iPhone
	EndGlobalSection
	GlobalSection(SolutionProperties) = preSolution
		HideSolutionNode = FALSE
	EndGlobalSection
	GlobalSection(ExtensibilityGlobals) = postSolution
		SolutionGuid = {679347CB-D688-4613-9A58-66641647D024}
	EndGlobalSection
EndGlobal
