
Microsoft Visual Studio Solution File, Format Version 12.00
# Visual Studio Version 16
VisualStudioVersion = 16.0.29324.140
MinimumVisualStudioVersion = 10.0.40219.1
Project("{9A19103F-16F7-4668-BE54-9A1E7A4F7556}") = "Plugin.PushNotification", "Plugin.PushNotification\Plugin.PushNotification.csproj", "{A6FCEF44-D2BA-42C7-B3CB-13667BCD7B54}"
EndProject
Project("{2150E333-8FDC-42A3-9474-1A3956D46DE8}") = "Solution Items", "Solution Items", "{39BF9949-28B0-4798-97BC-2298B0A22E60}"
	ProjectSection(SolutionItems) = preProject
		..\docs\AndroidCustomization.md = ..\docs\AndroidCustomization.md
		..\docs\FAQ.md = ..\docs\FAQ.md
		..\docs\GettingStarted.md = ..\docs\GettingStarted.md
		..\docs\iOSCustomization.md = ..\docs\iOSCustomization.md
		..\docs\LocalizedPushNotifications.md = ..\docs\LocalizedPushNotifications.md
		..\docs\NotificationActions.md = ..\docs\NotificationActions.md
		..\README.md = ..\README.md
		..\docs\ReceivingNotifications.md = ..\docs\ReceivingNotifications.md
	EndProjectSection
EndProject
Project("{2150E333-8FDC-42A3-9474-1A3956D46DE8}") = "Sample", "Sample", "{E1814DAB-B397-4CEB-A268-25E5B66E0712}"
EndProject
Project("{FAE04EC0-301F-11D3-BF4B-00C04F79EFBC}") = "PushNotificationSample", "..\samples\PushNotificationSample\PushNotificationSample.csproj", "{0D84321D-BCAC-4306-A0DF-0BFC26DB4895}"
EndProject
Project("{FAE04EC0-301F-11D3-BF4B-00C04F79EFBC}") = "PushNotificationSample.iOS", "..\samples\PushNotificationSample.iOS\PushNotificationSample.iOS.csproj", "{39791A11-A5D4-4F34-9A47-36B05C83FF70}"
EndProject
Project("{FAE04EC0-301F-11D3-BF4B-00C04F79EFBC}") = "PushNotificationSample.Android", "..\samples\PushNotificationSample.Android\PushNotificationSample.Android.csproj", "{1BDE8CAC-3116-49D1-BF1A-A3177B823A95}"
EndProject
Global
	GlobalSection(SolutionConfigurationPlatforms) = preSolution
		Ad-Hoc|Any CPU = Ad-Hoc|Any CPU
		Ad-Hoc|iPhone = Ad-Hoc|iPhone
		Ad-Hoc|iPhoneSimulator = Ad-Hoc|iPhoneSimulator
		AppStore|Any CPU = AppStore|Any CPU
		AppStore|iPhone = AppStore|iPhone
		AppStore|iPhoneSimulator = AppStore|iPhoneSimulator
		Debug|Any CPU = Debug|Any CPU
		Debug|iPhone = Debug|iPhone
		Debug|iPhoneSimulator = Debug|iPhoneSimulator
		Release|Any CPU = Release|Any CPU
		Release|iPhone = Release|iPhone
		Release|iPhoneSimulator = Release|iPhoneSimulator
	EndGlobalSection
	GlobalSection(ProjectConfigurationPlatforms) = postSolution
		{A6FCEF44-D2BA-42C7-B3CB-13667BCD7B54}.Ad-Hoc|Any CPU.ActiveCfg = Release|Any CPU
		{A6FCEF44-D2BA-42C7-B3CB-13667BCD7B54}.Ad-Hoc|Any CPU.Build.0 = Release|Any CPU
		{A6FCEF44-D2BA-42C7-B3CB-13667BCD7B54}.Ad-Hoc|iPhone.ActiveCfg = Release|Any CPU
		{A6FCEF44-D2BA-42C7-B3CB-13667BCD7B54}.Ad-Hoc|iPhone.Build.0 = Release|Any CPU
		{A6FCEF44-D2BA-42C7-B3CB-13667BCD7B54}.Ad-Hoc|iPhoneSimulator.ActiveCfg = Release|Any CPU
		{A6FCEF44-D2BA-42C7-B3CB-13667BCD7B54}.Ad-Hoc|iPhoneSimulator.Build.0 = Release|Any CPU
		{A6FCEF44-D2BA-42C7-B3CB-13667BCD7B54}.AppStore|Any CPU.ActiveCfg = Release|Any CPU
		{A6FCEF44-D2BA-42C7-B3CB-13667BCD7B54}.AppStore|Any CPU.Build.0 = Release|Any CPU
		{A6FCEF44-D2BA-42C7-B3CB-13667BCD7B54}.AppStore|iPhone.ActiveCfg = Release|Any CPU
		{A6FCEF44-D2BA-42C7-B3CB-13667BCD7B54}.AppStore|iPhone.Build.0 = Release|Any CPU
		{A6FCEF44-D2BA-42C7-B3CB-13667BCD7B54}.AppStore|iPhoneSimulator.ActiveCfg = Release|Any CPU
		{A6FCEF44-D2BA-42C7-B3CB-13667BCD7B54}.AppStore|iPhoneSimulator.Build.0 = Release|Any CPU
		{A6FCEF44-D2BA-42C7-B3CB-13667BCD7B54}.Debug|Any CPU.ActiveCfg = Debug|Any CPU
		{A6FCEF44-D2BA-42C7-B3CB-13667BCD7B54}.Debug|Any CPU.Build.0 = Debug|Any CPU
		{A6FCEF44-D2BA-42C7-B3CB-13667BCD7B54}.Debug|iPhone.ActiveCfg = Debug|Any CPU
		{A6FCEF44-D2BA-42C7-B3CB-13667BCD7B54}.Debug|iPhone.Build.0 = Debug|Any CPU
		{A6FCEF44-D2BA-42C7-B3CB-13667BCD7B54}.Debug|iPhoneSimulator.ActiveCfg = Debug|Any CPU
		{A6FCEF44-D2BA-42C7-B3CB-13667BCD7B54}.Debug|iPhoneSimulator.Build.0 = Debug|Any CPU
		{A6FCEF44-D2BA-42C7-B3CB-13667BCD7B54}.Release|Any CPU.ActiveCfg = Release|Any CPU
		{A6FCEF44-D2BA-42C7-B3CB-13667BCD7B54}.Release|Any CPU.Build.0 = Release|Any CPU
		{A6FCEF44-D2BA-42C7-B3CB-13667BCD7B54}.Release|iPhone.ActiveCfg = Release|Any CPU
		{A6FCEF44-D2BA-42C7-B3CB-13667BCD7B54}.Release|iPhone.Build.0 = Release|Any CPU
		{A6FCEF44-D2BA-42C7-B3CB-13667BCD7B54}.Release|iPhoneSimulator.ActiveCfg = Release|Any CPU
		{A6FCEF44-D2BA-42C7-B3CB-13667BCD7B54}.Release|iPhoneSimulator.Build.0 = Release|Any CPU
		{0D84321D-BCAC-4306-A0DF-0BFC26DB4895}.Ad-Hoc|Any CPU.ActiveCfg = Release|Any CPU
		{0D84321D-BCAC-4306-A0DF-0BFC26DB4895}.Ad-Hoc|Any CPU.Build.0 = Release|Any CPU
		{0D84321D-BCAC-4306-A0DF-0BFC26DB4895}.Ad-Hoc|iPhone.ActiveCfg = Release|Any CPU
		{0D84321D-BCAC-4306-A0DF-0BFC26DB4895}.Ad-Hoc|iPhone.Build.0 = Release|Any CPU
		{0D84321D-BCAC-4306-A0DF-0BFC26DB4895}.Ad-Hoc|iPhoneSimulator.ActiveCfg = Release|Any CPU
		{0D84321D-BCAC-4306-A0DF-0BFC26DB4895}.Ad-Hoc|iPhoneSimulator.Build.0 = Release|Any CPU
		{0D84321D-BCAC-4306-A0DF-0BFC26DB4895}.AppStore|Any CPU.ActiveCfg = Release|Any CPU
		{0D84321D-BCAC-4306-A0DF-0BFC26DB4895}.AppStore|Any CPU.Build.0 = Release|Any CPU
		{0D84321D-BCAC-4306-A0DF-0BFC26DB4895}.AppStore|iPhone.ActiveCfg = Release|Any CPU
		{0D84321D-BCAC-4306-A0DF-0BFC26DB4895}.AppStore|iPhone.Build.0 = Release|Any CPU
		{0D84321D-BCAC-4306-A0DF-0BFC26DB4895}.AppStore|iPhoneSimulator.ActiveCfg = Release|Any CPU
		{0D84321D-BCAC-4306-A0DF-0BFC26DB4895}.AppStore|iPhoneSimulator.Build.0 = Release|Any CPU
		{0D84321D-BCAC-4306-A0DF-0BFC26DB4895}.Debug|Any CPU.ActiveCfg = Debug|Any CPU
		{0D84321D-BCAC-4306-A0DF-0BFC26DB4895}.Debug|Any CPU.Build.0 = Debug|Any CPU
		{0D84321D-BCAC-4306-A0DF-0BFC26DB4895}.Debug|iPhone.ActiveCfg = Debug|Any CPU
		{0D84321D-BCAC-4306-A0DF-0BFC26DB4895}.Debug|iPhone.Build.0 = Debug|Any CPU
		{0D84321D-BCAC-4306-A0DF-0BFC26DB4895}.Debug|iPhoneSimulator.ActiveCfg = Debug|Any CPU
		{0D84321D-BCAC-4306-A0DF-0BFC26DB4895}.Debug|iPhoneSimulator.Build.0 = Debug|Any CPU
		{0D84321D-BCAC-4306-A0DF-0BFC26DB4895}.Release|Any CPU.ActiveCfg = Release|Any CPU
		{0D84321D-BCAC-4306-A0DF-0BFC26DB4895}.Release|Any CPU.Build.0 = Release|Any CPU
		{0D84321D-BCAC-4306-A0DF-0BFC26DB4895}.Release|iPhone.ActiveCfg = Release|Any CPU
		{0D84321D-BCAC-4306-A0DF-0BFC26DB4895}.Release|iPhone.Build.0 = Release|Any CPU
		{0D84321D-BCAC-4306-A0DF-0BFC26DB4895}.Release|iPhoneSimulator.ActiveCfg = Release|Any CPU
		{0D84321D-BCAC-4306-A0DF-0BFC26DB4895}.Release|iPhoneSimulator.Build.0 = Release|Any CPU
		{39791A11-A5D4-4F34-9A47-36B05C83FF70}.Ad-Hoc|Any CPU.ActiveCfg = Ad-Hoc|iPhone
		{39791A11-A5D4-4F34-9A47-36B05C83FF70}.Ad-Hoc|iPhone.ActiveCfg = Ad-Hoc|iPhone
		{39791A11-A5D4-4F34-9A47-36B05C83FF70}.Ad-Hoc|iPhone.Build.0 = Ad-Hoc|iPhone
		{39791A11-A5D4-4F34-9A47-36B05C83FF70}.Ad-Hoc|iPhoneSimulator.ActiveCfg = Ad-Hoc|iPhoneSimulator
		{39791A11-A5D4-4F34-9A47-36B05C83FF70}.Ad-Hoc|iPhoneSimulator.Build.0 = Ad-Hoc|iPhoneSimulator
		{39791A11-A5D4-4F34-9A47-36B05C83FF70}.AppStore|Any CPU.ActiveCfg = AppStore|iPhone
		{39791A11-A5D4-4F34-9A47-36B05C83FF70}.AppStore|iPhone.ActiveCfg = AppStore|iPhone
		{39791A11-A5D4-4F34-9A47-36B05C83FF70}.AppStore|iPhone.Build.0 = AppStore|iPhone
		{39791A11-A5D4-4F34-9A47-36B05C83FF70}.AppStore|iPhoneSimulator.ActiveCfg = AppStore|iPhoneSimulator
		{39791A11-A5D4-4F34-9A47-36B05C83FF70}.AppStore|iPhoneSimulator.Build.0 = AppStore|iPhoneSimulator
		{39791A11-A5D4-4F34-9A47-36B05C83FF70}.Debug|Any CPU.ActiveCfg = Debug|iPhone
		{39791A11-A5D4-4F34-9A47-36B05C83FF70}.Debug|iPhone.ActiveCfg = Debug|iPhone
		{39791A11-A5D4-4F34-9A47-36B05C83FF70}.Debug|iPhone.Build.0 = Debug|iPhone
		{39791A11-A5D4-4F34-9A47-36B05C83FF70}.Debug|iPhoneSimulator.ActiveCfg = Debug|iPhoneSimulator
		{39791A11-A5D4-4F34-9A47-36B05C83FF70}.Debug|iPhoneSimulator.Build.0 = Debug|iPhoneSimulator
		{39791A11-A5D4-4F34-9A47-36B05C83FF70}.Release|Any CPU.ActiveCfg = Release|iPhone
		{39791A11-A5D4-4F34-9A47-36B05C83FF70}.Release|iPhone.ActiveCfg = Release|iPhone
		{39791A11-A5D4-4F34-9A47-36B05C83FF70}.Release|iPhone.Build.0 = Release|iPhone
		{39791A11-A5D4-4F34-9A47-36B05C83FF70}.Release|iPhoneSimulator.ActiveCfg = Release|iPhoneSimulator
		{39791A11-A5D4-4F34-9A47-36B05C83FF70}.Release|iPhoneSimulator.Build.0 = Release|iPhoneSimulator
		{1BDE8CAC-3116-49D1-BF1A-A3177B823A95}.Ad-Hoc|Any CPU.ActiveCfg = Release|Any CPU
		{1BDE8CAC-3116-49D1-BF1A-A3177B823A95}.Ad-Hoc|Any CPU.Build.0 = Release|Any CPU
		{1BDE8CAC-3116-49D1-BF1A-A3177B823A95}.Ad-Hoc|Any CPU.Deploy.0 = Release|Any CPU
		{1BDE8CAC-3116-49D1-BF1A-A3177B823A95}.Ad-Hoc|iPhone.ActiveCfg = Release|Any CPU
		{1BDE8CAC-3116-49D1-BF1A-A3177B823A95}.Ad-Hoc|iPhone.Build.0 = Release|Any CPU
		{1BDE8CAC-3116-49D1-BF1A-A3177B823A95}.Ad-Hoc|iPhone.Deploy.0 = Release|Any CPU
		{1BDE8CAC-3116-49D1-BF1A-A3177B823A95}.Ad-Hoc|iPhoneSimulator.ActiveCfg = Release|Any CPU
		{1BDE8CAC-3116-49D1-BF1A-A3177B823A95}.Ad-Hoc|iPhoneSimulator.Build.0 = Release|Any CPU
		{1BDE8CAC-3116-49D1-BF1A-A3177B823A95}.Ad-Hoc|iPhoneSimulator.Deploy.0 = Release|Any CPU
		{1BDE8CAC-3116-49D1-BF1A-A3177B823A95}.AppStore|Any CPU.ActiveCfg = Release|Any CPU
		{1BDE8CAC-3116-49D1-BF1A-A3177B823A95}.AppStore|Any CPU.Build.0 = Release|Any CPU
		{1BDE8CAC-3116-49D1-BF1A-A3177B823A95}.AppStore|Any CPU.Deploy.0 = Release|Any CPU
		{1BDE8CAC-3116-49D1-BF1A-A3177B823A95}.AppStore|iPhone.ActiveCfg = Release|Any CPU
		{1BDE8CAC-3116-49D1-BF1A-A3177B823A95}.AppStore|iPhone.Build.0 = Release|Any CPU
		{1BDE8CAC-3116-49D1-BF1A-A3177B823A95}.AppStore|iPhone.Deploy.0 = Release|Any CPU
		{1BDE8CAC-3116-49D1-BF1A-A3177B823A95}.AppStore|iPhoneSimulator.ActiveCfg = Release|Any CPU
		{1BDE8CAC-3116-49D1-BF1A-A3177B823A95}.AppStore|iPhoneSimulator.Build.0 = Release|Any CPU
		{1BDE8CAC-3116-49D1-BF1A-A3177B823A95}.AppStore|iPhoneSimulator.Deploy.0 = Release|Any CPU
		{1BDE8CAC-3116-49D1-BF1A-A3177B823A95}.Debug|Any CPU.ActiveCfg = Debug|Any CPU
		{1BDE8CAC-3116-49D1-BF1A-A3177B823A95}.Debug|Any CPU.Build.0 = Debug|Any CPU
		{1BDE8CAC-3116-49D1-BF1A-A3177B823A95}.Debug|Any CPU.Deploy.0 = Debug|Any CPU
		{1BDE8CAC-3116-49D1-BF1A-A3177B823A95}.Debug|iPhone.ActiveCfg = Debug|Any CPU
		{1BDE8CAC-3116-49D1-BF1A-A3177B823A95}.Debug|iPhone.Deploy.0 = Debug|Any CPU
		{1BDE8CAC-3116-49D1-BF1A-A3177B823A95}.Debug|iPhoneSimulator.ActiveCfg = Debug|Any CPU
		{1BDE8CAC-3116-49D1-BF1A-A3177B823A95}.Debug|iPhoneSimulator.Build.0 = Debug|Any CPU
		{1BDE8CAC-3116-49D1-BF1A-A3177B823A95}.Debug|iPhoneSimulator.Deploy.0 = Debug|Any CPU
		{1BDE8CAC-3116-49D1-BF1A-A3177B823A95}.Release|Any CPU.ActiveCfg = Release|Any CPU
		{1BDE8CAC-3116-49D1-BF1A-A3177B823A95}.Release|Any CPU.Build.0 = Release|Any CPU
		{1BDE8CAC-3116-49D1-BF1A-A3177B823A95}.Release|Any CPU.Deploy.0 = Release|Any CPU
		{1BDE8CAC-3116-49D1-BF1A-A3177B823A95}.Release|iPhone.ActiveCfg = Release|Any CPU
		{1BDE8CAC-3116-49D1-BF1A-A3177B823A95}.Release|iPhone.Build.0 = Release|Any CPU
		{1BDE8CAC-3116-49D1-BF1A-A3177B823A95}.Release|iPhone.Deploy.0 = Release|Any CPU
		{1BDE8CAC-3116-49D1-BF1A-A3177B823A95}.Release|iPhoneSimulator.ActiveCfg = Release|Any CPU
		{1BDE8CAC-3116-49D1-BF1A-A3177B823A95}.Release|iPhoneSimulator.Build.0 = Release|Any CPU
		{1BDE8CAC-3116-49D1-BF1A-A3177B823A95}.Release|iPhoneSimulator.Deploy.0 = Release|Any CPU
	EndGlobalSection
	GlobalSection(SolutionProperties) = preSolution
		HideSolutionNode = FALSE
	EndGlobalSection
	GlobalSection(NestedProjects) = preSolution
		{0D84321D-BCAC-4306-A0DF-0BFC26DB4895} = {E1814DAB-B397-4CEB-A268-25E5B66E0712}
		{39791A11-A5D4-4F34-9A47-36B05C83FF70} = {E1814DAB-B397-4CEB-A268-25E5B66E0712}
		{1BDE8CAC-3116-49D1-BF1A-A3177B823A95} = {E1814DAB-B397-4CEB-A268-25E5B66E0712}
	EndGlobalSection
	GlobalSection(ExtensibilityGlobals) = postSolution
		SolutionGuid = {DF41CAB1-BAA8-4522-98B0-FDE767FE3219}
	EndGlobalSection
EndGlobal
